
Microsoft Visual Studio Solution File, Format Version 12.00
# Visual Studio Version 17
VisualStudioVersion = 17.0.31903.59
MinimumVisualStudioVersion = 10.0.40219.1
Project("{2150E333-8FDC-42A3-9474-1A3956D46DE8}") = "Backend.Core", "Backend.Core", "{299D0BCE-FE1F-46ED-972C-4D5F80F1C768}"
EndProject
Project("{FAE04EC0-301F-11D3-BF4B-00C04F79EFBC}") = "Backend.Core.Api", "Backend.Core\Backend.Core.Api\Backend.Core.Api.csproj", "{77EEF18E-3914-4C84-AD2E-34A532BD6658}"
EndProject
Project("{FAE04EC0-301F-11D3-BF4B-00C04F79EFBC}") = "Backend.Core.Console", "Backend.Core\Backend.Core.Console\Backend.Core.Console.csproj", "{F5CBAC58-7885-4FCF-9759-0335BA06111D}"
EndProject
Project("{FAE04EC0-301F-11D3-BF4B-00C04F79EFBC}") = "Backend.Core.Dbaccess", "Backend.Core\Backend.Core.Dbaccess\Backend.Core.Dbaccess.csproj", "{D3E8301E-7928-4D1B-9A59-7149036A31DE}"
EndProject
Project("{FAE04EC0-301F-11D3-BF4B-00C04F79EFBC}") = "Backend.Core.DTOs", "Backend.Core\Backend.Core.DTOs\Backend.Core.DTOs.csproj", "{0008F50E-7FD7-40FD-B7DF-972C5C0019E1}"
EndProject
Project("{FAE04EC0-301F-11D3-BF4B-00C04F79EFBC}") = "Backend.Core.Models", "Backend.Core\Backend.Core.Models\Backend.Core.Models.csproj", "{EA7E30FF-2734-4363-9A1E-51DADB71F5BF}"
EndProject
Project("{FAE04EC0-301F-11D3-BF4B-00C04F79EFBC}") = "Backend.Core.Utils", "Backend.Core\Backend.Core.Utils\Backend.Core.Utils.csproj", "{45C8F59A-D492-4342-BDEA-2318E81240F9}"
EndProject
Project("{2150E333-8FDC-42A3-9474-1A3956D46DE8}") = "Backend.Tests", "Backend.Tests", "{4CF965DD-3D5C-48CD-8468-2F46DC608930}"
EndProject
Project("{FAE04EC0-301F-11D3-BF4B-00C04F79EFBC}") = "Backend.Tests.Api", "Backend.Tests\Backend.Tests.Api\Backend.Tests.Api.csproj", "{28A36201-AB39-4101-B2C1-8420809888D8}"
EndProject
Project("{FAE04EC0-301F-11D3-BF4B-00C04F79EFBC}") = "Backend.Tests.Dbaccess", "Backend.Tests\Backend.Tests.Dbaccess\Backend.Tests.Dbaccess.csproj", "{C61E07A0-CC89-4197-9448-FD6DC2C85C9F}"
EndProject
Project("{FAE04EC0-301F-11D3-BF4B-00C04F79EFBC}") = "Backend.Tests.Models", "Backend.Tests\Backend.Tests.Models\Backend.Tests.Models.csproj", "{12E62EC1-D924-4EEA-84ED-F42A819E43DA}"
EndProject
Project("{FAE04EC0-301F-11D3-BF4B-00C04F79EFBC}") = "Backend.Tests.Utils", "Backend.Tests\Backend.Tests.Utils\Backend.Tests.Utils.csproj", "{AFC60336-BB30-47AF-A35F-D35DA15C4EA2}"
EndProject
Global
	GlobalSection(SolutionConfigurationPlatforms) = preSolution
		Debug|Any CPU = Debug|Any CPU
		Release|Any CPU = Release|Any CPU
	EndGlobalSection
	GlobalSection(SolutionProperties) = preSolution
		HideSolutionNode = FALSE
	EndGlobalSection
	GlobalSection(ProjectConfigurationPlatforms) = postSolution
		{77EEF18E-3914-4C84-AD2E-34A532BD6658}.Debug|Any CPU.ActiveCfg = Debug|Any CPU
		{77EEF18E-3914-4C84-AD2E-34A532BD6658}.Debug|Any CPU.Build.0 = Debug|Any CPU
		{77EEF18E-3914-4C84-AD2E-34A532BD6658}.Release|Any CPU.ActiveCfg = Release|Any CPU
		{77EEF18E-3914-4C84-AD2E-34A532BD6658}.Release|Any CPU.Build.0 = Release|Any CPU
		{F5CBAC58-7885-4FCF-9759-0335BA06111D}.Debug|Any CPU.ActiveCfg = Debug|Any CPU
		{F5CBAC58-7885-4FCF-9759-0335BA06111D}.Debug|Any CPU.Build.0 = Debug|Any CPU
		{F5CBAC58-7885-4FCF-9759-0335BA06111D}.Release|Any CPU.ActiveCfg = Release|Any CPU
		{F5CBAC58-7885-4FCF-9759-0335BA06111D}.Release|Any CPU.Build.0 = Release|Any CPU
		{D3E8301E-7928-4D1B-9A59-7149036A31DE}.Debug|Any CPU.ActiveCfg = Debug|Any CPU
		{D3E8301E-7928-4D1B-9A59-7149036A31DE}.Debug|Any CPU.Build.0 = Debug|Any CPU
		{D3E8301E-7928-4D1B-9A59-7149036A31DE}.Release|Any CPU.ActiveCfg = Release|Any CPU
		{D3E8301E-7928-4D1B-9A59-7149036A31DE}.Release|Any CPU.Build.0 = Release|Any CPU
		{0008F50E-7FD7-40FD-B7DF-972C5C0019E1}.Debug|Any CPU.ActiveCfg = Debug|Any CPU
		{0008F50E-7FD7-40FD-B7DF-972C5C0019E1}.Debug|Any CPU.Build.0 = Debug|Any CPU
		{0008F50E-7FD7-40FD-B7DF-972C5C0019E1}.Release|Any CPU.ActiveCfg = Release|Any CPU
		{0008F50E-7FD7-40FD-B7DF-972C5C0019E1}.Release|Any CPU.Build.0 = Release|Any CPU
		{EA7E30FF-2734-4363-9A1E-51DADB71F5BF}.Debug|Any CPU.ActiveCfg = Debug|Any CPU
		{EA7E30FF-2734-4363-9A1E-51DADB71F5BF}.Debug|Any CPU.Build.0 = Debug|Any CPU
		{EA7E30FF-2734-4363-9A1E-51DADB71F5BF}.Release|Any CPU.ActiveCfg = Release|Any CPU
		{EA7E30FF-2734-4363-9A1E-51DADB71F5BF}.Release|Any CPU.Build.0 = Release|Any CPU
		{45C8F59A-D492-4342-BDEA-2318E81240F9}.Debug|Any CPU.ActiveCfg = Debug|Any CPU
		{45C8F59A-D492-4342-BDEA-2318E81240F9}.Debug|Any CPU.Build.0 = Debug|Any CPU
		{45C8F59A-D492-4342-BDEA-2318E81240F9}.Release|Any CPU.ActiveCfg = Release|Any CPU
		{45C8F59A-D492-4342-BDEA-2318E81240F9}.Release|Any CPU.Build.0 = Release|Any CPU
		{28A36201-AB39-4101-B2C1-8420809888D8}.Debug|Any CPU.ActiveCfg = Debug|Any CPU
		{28A36201-AB39-4101-B2C1-8420809888D8}.Debug|Any CPU.Build.0 = Debug|Any CPU
		{28A36201-AB39-4101-B2C1-8420809888D8}.Release|Any CPU.ActiveCfg = Release|Any CPU
		{28A36201-AB39-4101-B2C1-8420809888D8}.Release|Any CPU.Build.0 = Release|Any CPU
		{C61E07A0-CC89-4197-9448-FD6DC2C85C9F}.Debug|Any CPU.ActiveCfg = Debug|Any CPU
		{C61E07A0-CC89-4197-9448-FD6DC2C85C9F}.Debug|Any CPU.Build.0 = Debug|Any CPU
		{C61E07A0-CC89-4197-9448-FD6DC2C85C9F}.Release|Any CPU.ActiveCfg = Release|Any CPU
		{C61E07A0-CC89-4197-9448-FD6DC2C85C9F}.Release|Any CPU.Build.0 = Release|Any CPU
		{12E62EC1-D924-4EEA-84ED-F42A819E43DA}.Debug|Any CPU.ActiveCfg = Debug|Any CPU
		{12E62EC1-D924-4EEA-84ED-F42A819E43DA}.Debug|Any CPU.Build.0 = Debug|Any CPU
		{12E62EC1-D924-4EEA-84ED-F42A819E43DA}.Release|Any CPU.ActiveCfg = Release|Any CPU
		{12E62EC1-D924-4EEA-84ED-F42A819E43DA}.Release|Any CPU.Build.0 = Release|Any CPU
		{AFC60336-BB30-47AF-A35F-D35DA15C4EA2}.Debug|Any CPU.ActiveCfg = Debug|Any CPU
		{AFC60336-BB30-47AF-A35F-D35DA15C4EA2}.Debug|Any CPU.Build.0 = Debug|Any CPU
		{AFC60336-BB30-47AF-A35F-D35DA15C4EA2}.Release|Any CPU.ActiveCfg = Release|Any CPU
		{AFC60336-BB30-47AF-A35F-D35DA15C4EA2}.Release|Any CPU.Build.0 = Release|Any CPU
	EndGlobalSection
	GlobalSection(NestedProjects) = preSolution
		{77EEF18E-3914-4C84-AD2E-34A532BD6658} = {299D0BCE-FE1F-46ED-972C-4D5F80F1C768}
		{F5CBAC58-7885-4FCF-9759-0335BA06111D} = {299D0BCE-FE1F-46ED-972C-4D5F80F1C768}
		{D3E8301E-7928-4D1B-9A59-7149036A31DE} = {299D0BCE-FE1F-46ED-972C-4D5F80F1C768}
		{0008F50E-7FD7-40FD-B7DF-972C5C0019E1} = {299D0BCE-FE1F-46ED-972C-4D5F80F1C768}
		{EA7E30FF-2734-4363-9A1E-51DADB71F5BF} = {299D0BCE-FE1F-46ED-972C-4D5F80F1C768}
		{45C8F59A-D492-4342-BDEA-2318E81240F9} = {299D0BCE-FE1F-46ED-972C-4D5F80F1C768}
		{28A36201-AB39-4101-B2C1-8420809888D8} = {4CF965DD-3D5C-48CD-8468-2F46DC608930}
		{C61E07A0-CC89-4197-9448-FD6DC2C85C9F} = {4CF965DD-3D5C-48CD-8468-2F46DC608930}
		{12E62EC1-D924-4EEA-84ED-F42A819E43DA} = {4CF965DD-3D5C-48CD-8468-2F46DC608930}
		{AFC60336-BB30-47AF-A35F-D35DA15C4EA2} = {4CF965DD-3D5C-48CD-8468-2F46DC608930}
	EndGlobalSection
EndGlobal
